schema: '2.0'
stages:
  swisslos_balancing:
    cmd: python swisslos_balancing.py
    deps:
    - path: data/2018_10_18_trump.csv
      hash: md5
      md5: 013ca90aae71ae624a1f8925ce1dd4d7
      size: 29435104
    - path: data/player_all_stat.json
      hash: md5
      md5: 449bda193ce902fff9af5874b30b51cb
      size: 576493
    params:
      params.yaml:
        swisslos_balancing.n_games_threshold: 1000
        swisslos_balancing.random_state: 42
        swisslos_balancing.top_p: 0.2
    outs:
    - path: data/swisslos_balanced.csv
      hash: md5
      md5: a7dacb09206e40d89ae2eb732d26a011
      size: 1014854
