schema: '2.0'
stages:
  swisslos_balancing:
    cmd: python -OO swisslos_balancing.py
    deps:
    - path: data/2018_10_18_trump.csv
      hash: md5
      md5: 013ca90aae71ae624a1f8925ce1dd4d7
      size: 29435104
    - path: data/player_all_stat.json
      hash: md5
      md5: 449bda193ce902fff9af5874b30b51cb
      size: 576493
    - path: swisslos_balancing.py
      hash: md5
      md5: 40a10b8b711a046db011b07a41f8608b
      size: 3502
    params:
      params.yaml:
        swisslos_balancing.n_games_threshold: 1000
        swisslos_balancing.random_state: 42
        swisslos_balancing.top_p: 0.3
    outs:
    - path: data/swisslos_balanced.csv
      hash: md5
      md5: 2b4267646534e0ae083ab53a777b63b4
      size: 1576091
  graf_pretrain:
    cmd: python -OO training.py graf
    deps:
    - path: data/graf-dataset-balanced
      hash: md5
      md5: 24b5fcfdba01902faf244dfea654aa63.dir
      size: 219700249
      nfiles: 52
    - path: training.py
      hash: md5
      md5: da49264c2766722337e192abc6cc2de1
      size: 4743
    params:
      params.yaml:
        pre_train.batch_size: 500000
        pre_train.early_stop_patience: 5
        pre_train.hidden_dim: 50
        pre_train.learning_rate: 0.001
        pre_train.max_epochs: 150
        pre_train.n_layers: 3
    outs:
    - path: dvclive/artifacts/trump_selection_pre_trained.ckpt
      hash: md5
      md5: 94b7112433f10c03c6db1a6b7f704a38
      size: 101040
  swisslos_finetuning:
    cmd: python -OO training.py swisslos dvclive/artifacts/trump_selection_pre_trained.ckpt
    deps:
    - path: data/swisslos_balanced.csv
      hash: md5
      md5: 2b4267646534e0ae083ab53a777b63b4
      size: 1576091
    - path: training.py
      hash: md5
      md5: da49264c2766722337e192abc6cc2de1
      size: 4743
    params:
      params.yaml:
        fine_tune.batch_size: 500000
        fine_tune.early_stop_patience: 100
        fine_tune.learning_rate: 1e-05
        fine_tune.max_epochs: 10000
    outs:
    - path: dvclive/artifacts/trump_selection.ckpt
      hash: md5
      md5: d2a56601ac087bcb069350da89ecf754
      size: 62560
  evaluate_trump_model:
    cmd: python -OO evaluate_trump_model.py
    deps:
    - path: dvclive/artifacts/trump_selection.ckpt
      hash: md5
      md5: d2a56601ac087bcb069350da89ecf754
      size: 62560
    - path: evaluate_trump_model.py
      hash: md5
      md5: 515a567d749e0174856ef07b5406421f
      size: 1467
    params:
      params.yaml:
        evaluate_trump_model.checkpoint_path: dvclive/artifacts/trump_selection.ckpt
        evaluate_trump_model.n_sets: 128
        evaluate_trump_model.num_workers: 2
        evaluate_trump_model.points_threshold: 1000
        evaluate_trump_model.time_budget: 0.05
