schema: '2.0'
stages:
  swisslos_balancing:
    cmd: python swisslos_balancing.py
    deps:
    - path: data/2018_10_18_trump.csv
      hash: md5
      md5: 013ca90aae71ae624a1f8925ce1dd4d7
      size: 29435104
    - path: data/player_all_stat.json
      hash: md5
      md5: 449bda193ce902fff9af5874b30b51cb
      size: 576493
    - path: swisslos_balancing.py
      hash: md5
      md5: 40a10b8b711a046db011b07a41f8608b
      size: 3502
    params:
      params.yaml:
        swisslos_balancing.n_games_threshold: 1000
        swisslos_balancing.random_state: 42
        swisslos_balancing.top_p: 0.2
    outs:
    - path: data/swisslos_balanced.csv
      hash: md5
      md5: a7dacb09206e40d89ae2eb732d26a011
      size: 1014854
  graf_pretrain:
    cmd: python training.py graf
    deps:
    - path: data/graf-dataset-balanced
      hash: md5
      md5: 24b5fcfdba01902faf244dfea654aa63.dir
      size: 219700249
      nfiles: 52
    - path: training.py
      hash: md5
      md5: 9a6633a154c40c90017424b76df0dad6
      size: 5000
    params:
      params.yaml:
        pre_train.batch_size: 500000
        pre_train.early_stop_patience: 5
        pre_train.hidden_dim: 50
        pre_train.learning_rate: 0.001
        pre_train.max_epochs: 150
        pre_train.n_layers: 3
    outs:
    - path: dvclive/artifacts/trump_selection_pre_trained.ckpt
      hash: md5
      md5: 16e4ba24cbe76d4e759de17b1cb5dc89
      size: 101040
  swisslos_finetuning:
    cmd: python training.py swisslos dvclive/artifacts/trump_selection_pre_trained.ckpt
    deps:
    - path: data/swisslos_balanced.csv
      hash: md5
      md5: a7dacb09206e40d89ae2eb732d26a011
      size: 1014854
    - path: training.py
      hash: md5
      md5: 9a6633a154c40c90017424b76df0dad6
      size: 5000
    params:
      params.yaml:
        fine_tune.batch_size: 500000
        fine_tune.early_stop_patience: 100
        fine_tune.learning_rate: 1e-05
        fine_tune.max_epochs: 20000
    outs:
    - path: dvclive/artifacts/trump_selection.ckpt
      hash: md5
      md5: a442d065ae8083974bc21e8a81daf013
      size: 101040
