schema: '2.0'
stages:
  swisslos_balancing:
    cmd: python swisslos_balancing.py
    deps:
    - path: data/2018_10_18_trump.csv
      hash: md5
      md5: 013ca90aae71ae624a1f8925ce1dd4d7
      size: 29435104
    - path: data/player_all_stat.json
      hash: md5
      md5: 449bda193ce902fff9af5874b30b51cb
      size: 576493
    - path: swisslos_balancing.py
      hash: md5
      md5: 06cb9feb52f0ab86f272e61e28c62341
      size: 3266
    params:
      params.yaml:
        swisslos_balancing.n_games_threshold: 1000
        swisslos_balancing.random_state: 42
        swisslos_balancing.top_p: 0.2
    outs:
    - path: data/swisslos_balanced.csv
      hash: md5
      md5: a7dacb09206e40d89ae2eb732d26a011
      size: 1014854
  graf_pretrain:
    cmd: python training.py graf
    deps:
    - path: data/graf-dataset-balanced
      hash: md5
      md5: 24b5fcfdba01902faf244dfea654aa63.dir
      size: 219700249
      nfiles: 52
    - path: training.py
      hash: md5
      md5: 52c1016b146d088ee604e0ca1cdf41d9
      size: 4755
    params:
      params.yaml:
        train.batch_size: 50000
        train.early_stop_patience: 5
        train.hidden_dim: 50
        train.learning_rate: 0.001
        train.max_epochs: 150
        train.n_layers: 3
    outs:
    - path: dvclive/artifacts/trump_selection.ckpt
      hash: md5
      md5: dc5cea778f7d15de7d3029803a7ce876
      size: 100848
